{
  "version": "3",
  "packages": {
    "specifiers": {
      "jsr:@nostrify/nostrify@^0.30.1": "jsr:@nostrify/nostrify@0.30.1",
      "jsr:@nostrify/types@^0.30.0": "jsr:@nostrify/types@0.30.0",
      "jsr:@std/encoding@^0.224.1": "jsr:@std/encoding@0.224.3",
      "npm:@scure/bip32@^1.4.0": "npm:@scure/bip32@1.5.0",
      "npm:@scure/bip39@^1.3.0": "npm:@scure/bip39@1.4.0",
      "npm:@welshman/lib@^0.0.17": "npm:@welshman/lib@0.0.17",
      "npm:@welshman/util@^0.0.30": "npm:@welshman/util@0.0.30",
      "npm:lru-cache@^10.2.0": "npm:lru-cache@10.4.3",
      "npm:nostr-tools@^2.7.0": "npm:nostr-tools@2.7.2",
      "npm:nostr-tools@^2.7.2": "npm:nostr-tools@2.7.2",
      "npm:websocket-ts@^2.1.5": "npm:websocket-ts@2.1.5",
      "npm:zod@^3.23.8": "npm:zod@3.23.8"
    },
    "jsr": {
      "@nostrify/nostrify@0.30.1": {
        "integrity": "fcc923707e87a9fbecc82dbb18756d1d3d134cd0763f4b1254c4bce709e811eb",
        "dependencies": [
          "jsr:@nostrify/types@^0.30.0",
          "jsr:@std/encoding@^0.224.1",
          "npm:@scure/bip32@^1.4.0",
          "npm:@scure/bip39@^1.3.0",
          "npm:lru-cache@^10.2.0",
          "npm:nostr-tools@^2.7.0",
          "npm:websocket-ts@^2.1.5",
          "npm:zod@^3.23.8"
        ]
      },
      "@nostrify/types@0.30.0": {
        "integrity": "1f38fa849cff930bd709edbf94ef9ac02f46afb8b851f86c8736517b354616da"
      },
      "@std/encoding@0.224.3": {
        "integrity": "5e861b6d81be5359fad4155e591acf17c0207b595112d1840998bb9f476dbdaf"
      }
    },
    "npm": {
      "@noble/ciphers@0.5.3": {
        "integrity": "sha512-B0+6IIHiqEs3BPMT0hcRmHvEj2QHOLu+uwt+tqDDeVd0oyVzh7BPrDcPjRnV1PV/5LaknXJJQvOuRGR0zQJz+w==",
        "dependencies": {}
      },
      "@noble/curves@1.1.0": {
        "integrity": "sha512-091oBExgENk/kGj3AZmtBDMpxQPDtxQABR2B9lb1JbVTs6ytdzZNwvhxQ4MWasRNEzlbEH8jCWFCwhF/Obj5AA==",
        "dependencies": {
          "@noble/hashes": "@noble/hashes@1.3.1"
        }
      },
      "@noble/curves@1.2.0": {
        "integrity": "sha512-oYclrNgRaM9SsBUBVbb8M6DTV7ZHRTKugureoYEncY5c65HOmRzvSiTE3y5CYaPYJA/GVkrhXEoF0M3Ya9PMnw==",
        "dependencies": {
          "@noble/hashes": "@noble/hashes@1.3.2"
        }
      },
      "@noble/curves@1.6.0": {
        "integrity": "sha512-TlaHRXDehJuRNR9TfZDNQ45mMEd5dwUwmicsafcIX4SsNiqnCHKjE/1alYPd/lDRVhxdhUAlv8uEhMCI5zjIJQ==",
        "dependencies": {
          "@noble/hashes": "@noble/hashes@1.5.0"
        }
      },
      "@noble/hashes@1.3.1": {
        "integrity": "sha512-EbqwksQwz9xDRGfDST86whPBgM65E0OH/pCgqW0GBVzO22bNE+NuIbeTb714+IfSjU3aRk47EUvXIb5bTsenKA==",
        "dependencies": {}
      },
      "@noble/hashes@1.3.2": {
        "integrity": "sha512-MVC8EAQp7MvEcm30KWENFjgR+Mkmf+D189XJTkFIlwohU5hcBbn1ZkKq7KVTi2Hme3PMGF390DaL52beVrIihQ==",
        "dependencies": {}
      },
      "@noble/hashes@1.5.0": {
        "integrity": "sha512-1j6kQFb7QRru7eKN3ZDvRcP13rugwdxZqCjbiAVZfIJwgj2A65UmT4TgARXGlXgnRkORLTDTrO19ZErt7+QXgA==",
        "dependencies": {}
      },
      "@scure/base@1.1.1": {
        "integrity": "sha512-ZxOhsSyxYwLJj3pLZCefNitxsj093tb2vq90mp2txoYeBqbcjDjqFhyM8eUjq/uFm6zJ+mUuqxlS2FkuSY1MTA==",
        "dependencies": {}
      },
      "@scure/base@1.1.8": {
        "integrity": "sha512-6CyAclxj3Nb0XT7GHK6K4zK6k2xJm6E4Ft0Ohjt4WgegiFUHEtFb2CGzmPmGBwoIhrLsqNLYfLr04Y1GePrzZg==",
        "dependencies": {}
      },
      "@scure/bip32@1.3.1": {
        "integrity": "sha512-osvveYtyzdEVbt3OfwwXFr4P2iVBL5u1Q3q4ONBfDY/UpOuXmOlbgwc1xECEboY8wIays8Yt6onaWMUdUbfl0A==",
        "dependencies": {
          "@noble/curves": "@noble/curves@1.1.0",
          "@noble/hashes": "@noble/hashes@1.3.2",
          "@scure/base": "@scure/base@1.1.8"
        }
      },
      "@scure/bip32@1.5.0": {
        "integrity": "sha512-8EnFYkqEQdnkuGBVpCzKxyIwDCBLDVj3oiX0EKUFre/tOjL/Hqba1D6n/8RcmaQy4f95qQFrO2A8Sr6ybh4NRw==",
        "dependencies": {
          "@noble/curves": "@noble/curves@1.6.0",
          "@noble/hashes": "@noble/hashes@1.5.0",
          "@scure/base": "@scure/base@1.1.8"
        }
      },
      "@scure/bip39@1.2.1": {
        "integrity": "sha512-Z3/Fsz1yr904dduJD0NpiyRHhRYHdcnyh73FZWiV+/qhWi83wNJ3NWolYqCEN+ZWsUz2TWwajJggcRE9r1zUYg==",
        "dependencies": {
          "@noble/hashes": "@noble/hashes@1.3.2",
          "@scure/base": "@scure/base@1.1.8"
        }
      },
      "@scure/bip39@1.4.0": {
        "integrity": "sha512-BEEm6p8IueV/ZTfQLp/0vhw4NPnT9oWf5+28nvmeUICjP99f4vr2d+qc7AVGDDtwRep6ifR43Yed9ERVmiITzw==",
        "dependencies": {
          "@noble/hashes": "@noble/hashes@1.5.0",
          "@scure/base": "@scure/base@1.1.8"
        }
      },
      "@types/events@3.0.3": {
        "integrity": "sha512-trOc4AAUThEz9hapPtSd7wf5tiQKvTtu5b371UxXdTuqzIh0ArcRspRP0i0Viu+LXstIQ1z96t1nsPxT9ol01g==",
        "dependencies": {}
      },
      "@types/throttle-debounce@5.0.2": {
        "integrity": "sha512-pDzSNulqooSKvSNcksnV72nk8p7gRqN8As71Sp28nov1IgmPKWbOEIwAWvBME5pPTtaXJAvG3O4oc76HlQ4kqQ==",
        "dependencies": {}
      },
      "@welshman/lib@0.0.17": {
        "integrity": "sha512-C0yelgMD6F5hgIcDjflJ+1Qg9/yvodtxSE00p1DZgkTn0s/7znvxraYpQInQdhqp8vJ8r+3coR3YagrRdm9+LA==",
        "dependencies": {
          "@scure/base": "@scure/base@1.1.8",
          "@types/events": "@types/events@3.0.3",
          "@types/throttle-debounce": "@types/throttle-debounce@5.0.2",
          "events": "events@3.3.0",
          "throttle-debounce": "throttle-debounce@5.0.2"
        }
      },
      "@welshman/util@0.0.30": {
        "integrity": "sha512-CYLtaXfCod5Xo/OCXPUGYKwT+fRwm5DU7ASqcGwPuB/vadDodT/OJPSmrMH9Pq63VY9xK4gX/I2ma/rKRokdpg==",
        "dependencies": {
          "@welshman/lib": "@welshman/lib@0.0.17",
          "nostr-tools": "nostr-tools@2.7.2"
        }
      },
      "events@3.3.0": {
        "integrity": "sha512-mQw+2fkQbALzQ7V0MY0IqdnXNOeTtP4r0lN9z7AAawCXgqea7bDii20AYrIBrFd/Hx0M2Ocz6S111CaFkUcb0Q==",
        "dependencies": {}
      },
      "lru-cache@10.4.3": {
        "integrity": "sha512-JNAzZcXrCt42VGLuYz0zfAzDfAvJWW6AfYlDBQyDV5DClI2m5sAmK+OIO7s59XfsRsWHp02jAJrRadPRGTt6SQ==",
        "dependencies": {}
      },
      "nostr-tools@2.7.2": {
        "integrity": "sha512-Bq3Ug0SZFtgtL1+0wCnAe8AJtI7yx/00/a2nUug9SkhfOwlKS92Tef12iCK9FdwXw+oFZWMtRnSwcLayQso+xA==",
        "dependencies": {
          "@noble/ciphers": "@noble/ciphers@0.5.3",
          "@noble/curves": "@noble/curves@1.2.0",
          "@noble/hashes": "@noble/hashes@1.3.1",
          "@scure/base": "@scure/base@1.1.1",
          "@scure/bip32": "@scure/bip32@1.3.1",
          "@scure/bip39": "@scure/bip39@1.2.1",
          "nostr-wasm": "nostr-wasm@0.1.0"
        }
      },
      "nostr-wasm@0.1.0": {
        "integrity": "sha512-78BTryCLcLYv96ONU8Ws3Q1JzjlAt+43pWQhIl86xZmWeegYCNLPml7yQ+gG3vR6V5h4XGj+TxO+SS5dsThQIA==",
        "dependencies": {}
      },
      "throttle-debounce@5.0.2": {
        "integrity": "sha512-B71/4oyj61iNH0KeCamLuE2rmKuTO5byTOSVwECM5FA7TiAiAW+UqTKZ9ERueC4qvgSttUhdmq1mXC3kJqGX7A==",
        "dependencies": {}
      },
      "websocket-ts@2.1.5": {
        "integrity": "sha512-rCNl9w6Hsir1azFm/pbjBEFzLD/gi7Th5ZgOxMifB6STUfTSovYAzryWw0TRvSZ1+Qu1Z5Plw4z42UfTNA9idA==",
        "dependencies": {}
      },
      "zod@3.23.8": {
        "integrity": "sha512-XBx9AXhXktjUqnepgTiE5flcKIYWi/rme0Eaj+5Y0lftuGBq+jyRu/md4WnuxqgP1ubdpNCsYEYPxrzVHD8d6g==",
        "dependencies": {}
      }
    }
  },
  "remote": {},
  "workspace": {
    "dependencies": [
      "jsr:@nostrify/nostrify@^0.30.1",
      "jsr:@std/assert@1",
      "npm:@welshman/lib@^0.0.17",
      "npm:@welshman/util@^0.0.30",
      "npm:nostr-tools@^2.7.2"
    ]
  }
}
