{
  "version": "3",
  "packages": {
    "specifiers": {
      "jsr:@nostrify/nostrify@^0.30.1": "jsr:@nostrify/nostrify@0.30.1",
      "jsr:@nostrify/types@^0.30.0": "jsr:@nostrify/types@0.30.0",
      "jsr:@std/encoding@^0.224.1": "jsr:@std/encoding@0.224.3",
      "npm:@scure/bip32@^1.4.0": "npm:@scure/bip32@1.5.0",
      "npm:@scure/bip39@^1.3.0": "npm:@scure/bip39@1.4.0",
      "npm:@welshman/util@^0.0.30": "npm:@welshman/util@0.0.30",
      "npm:lru-cache@^10.2.0": "npm:lru-cache@10.4.3",
      "npm:nostr-tools@^2.7.0": "npm:nostr-tools@2.7.2",
      "npm:nostr-tools@^2.7.2": "npm:nostr-tools@2.7.2",
      "npm:pino@^9.4.0": "npm:pino@9.4.0",
      "npm:reflect-metadata@^0.2.2": "npm:reflect-metadata@0.2.2",
      "npm:tsyringe@^4.8.0": "npm:tsyringe@4.8.0",
      "npm:websocket-ts@^2.1.5": "npm:websocket-ts@2.1.5",
      "npm:zod@^3.23.8": "npm:zod@3.23.8"
    },
    "jsr": {
      "@nostrify/nostrify@0.30.1": {
        "integrity": "fcc923707e87a9fbecc82dbb18756d1d3d134cd0763f4b1254c4bce709e811eb",
        "dependencies": [
          "jsr:@nostrify/types@^0.30.0",
          "jsr:@std/encoding@^0.224.1",
          "npm:@scure/bip32@^1.4.0",
          "npm:@scure/bip39@^1.3.0",
          "npm:lru-cache@^10.2.0",
          "npm:nostr-tools@^2.7.0",
          "npm:websocket-ts@^2.1.5",
          "npm:zod@^3.23.8"
        ]
      },
      "@nostrify/types@0.30.0": {
        "integrity": "1f38fa849cff930bd709edbf94ef9ac02f46afb8b851f86c8736517b354616da"
      },
      "@std/encoding@0.224.3": {
        "integrity": "5e861b6d81be5359fad4155e591acf17c0207b595112d1840998bb9f476dbdaf"
      }
    },
    "npm": {
      "@noble/ciphers@0.5.3": {
        "integrity": "sha512-B0+6IIHiqEs3BPMT0hcRmHvEj2QHOLu+uwt+tqDDeVd0oyVzh7BPrDcPjRnV1PV/5LaknXJJQvOuRGR0zQJz+w==",
        "dependencies": {}
      },
      "@noble/curves@1.1.0": {
        "integrity": "sha512-091oBExgENk/kGj3AZmtBDMpxQPDtxQABR2B9lb1JbVTs6ytdzZNwvhxQ4MWasRNEzlbEH8jCWFCwhF/Obj5AA==",
        "dependencies": {
          "@noble/hashes": "@noble/hashes@1.3.1"
        }
      },
      "@noble/curves@1.2.0": {
        "integrity": "sha512-oYclrNgRaM9SsBUBVbb8M6DTV7ZHRTKugureoYEncY5c65HOmRzvSiTE3y5CYaPYJA/GVkrhXEoF0M3Ya9PMnw==",
        "dependencies": {
          "@noble/hashes": "@noble/hashes@1.3.2"
        }
      },
      "@noble/curves@1.6.0": {
        "integrity": "sha512-TlaHRXDehJuRNR9TfZDNQ45mMEd5dwUwmicsafcIX4SsNiqnCHKjE/1alYPd/lDRVhxdhUAlv8uEhMCI5zjIJQ==",
        "dependencies": {
          "@noble/hashes": "@noble/hashes@1.5.0"
        }
      },
      "@noble/hashes@1.3.1": {
        "integrity": "sha512-EbqwksQwz9xDRGfDST86whPBgM65E0OH/pCgqW0GBVzO22bNE+NuIbeTb714+IfSjU3aRk47EUvXIb5bTsenKA==",
        "dependencies": {}
      },
      "@noble/hashes@1.3.2": {
        "integrity": "sha512-MVC8EAQp7MvEcm30KWENFjgR+Mkmf+D189XJTkFIlwohU5hcBbn1ZkKq7KVTi2Hme3PMGF390DaL52beVrIihQ==",
        "dependencies": {}
      },
      "@noble/hashes@1.5.0": {
        "integrity": "sha512-1j6kQFb7QRru7eKN3ZDvRcP13rugwdxZqCjbiAVZfIJwgj2A65UmT4TgARXGlXgnRkORLTDTrO19ZErt7+QXgA==",
        "dependencies": {}
      },
      "@scure/base@1.1.1": {
        "integrity": "sha512-ZxOhsSyxYwLJj3pLZCefNitxsj093tb2vq90mp2txoYeBqbcjDjqFhyM8eUjq/uFm6zJ+mUuqxlS2FkuSY1MTA==",
        "dependencies": {}
      },
      "@scure/base@1.1.8": {
        "integrity": "sha512-6CyAclxj3Nb0XT7GHK6K4zK6k2xJm6E4Ft0Ohjt4WgegiFUHEtFb2CGzmPmGBwoIhrLsqNLYfLr04Y1GePrzZg==",
        "dependencies": {}
      },
      "@scure/bip32@1.3.1": {
        "integrity": "sha512-osvveYtyzdEVbt3OfwwXFr4P2iVBL5u1Q3q4ONBfDY/UpOuXmOlbgwc1xECEboY8wIays8Yt6onaWMUdUbfl0A==",
        "dependencies": {
          "@noble/curves": "@noble/curves@1.1.0",
          "@noble/hashes": "@noble/hashes@1.3.2",
          "@scure/base": "@scure/base@1.1.8"
        }
      },
      "@scure/bip32@1.5.0": {
        "integrity": "sha512-8EnFYkqEQdnkuGBVpCzKxyIwDCBLDVj3oiX0EKUFre/tOjL/Hqba1D6n/8RcmaQy4f95qQFrO2A8Sr6ybh4NRw==",
        "dependencies": {
          "@noble/curves": "@noble/curves@1.6.0",
          "@noble/hashes": "@noble/hashes@1.5.0",
          "@scure/base": "@scure/base@1.1.8"
        }
      },
      "@scure/bip39@1.2.1": {
        "integrity": "sha512-Z3/Fsz1yr904dduJD0NpiyRHhRYHdcnyh73FZWiV+/qhWi83wNJ3NWolYqCEN+ZWsUz2TWwajJggcRE9r1zUYg==",
        "dependencies": {
          "@noble/hashes": "@noble/hashes@1.3.2",
          "@scure/base": "@scure/base@1.1.8"
        }
      },
      "@scure/bip39@1.4.0": {
        "integrity": "sha512-BEEm6p8IueV/ZTfQLp/0vhw4NPnT9oWf5+28nvmeUICjP99f4vr2d+qc7AVGDDtwRep6ifR43Yed9ERVmiITzw==",
        "dependencies": {
          "@noble/hashes": "@noble/hashes@1.5.0",
          "@scure/base": "@scure/base@1.1.8"
        }
      },
      "@types/events@3.0.3": {
        "integrity": "sha512-trOc4AAUThEz9hapPtSd7wf5tiQKvTtu5b371UxXdTuqzIh0ArcRspRP0i0Viu+LXstIQ1z96t1nsPxT9ol01g==",
        "dependencies": {}
      },
      "@types/throttle-debounce@5.0.2": {
        "integrity": "sha512-pDzSNulqooSKvSNcksnV72nk8p7gRqN8As71Sp28nov1IgmPKWbOEIwAWvBME5pPTtaXJAvG3O4oc76HlQ4kqQ==",
        "dependencies": {}
      },
      "@welshman/lib@0.0.17": {
        "integrity": "sha512-C0yelgMD6F5hgIcDjflJ+1Qg9/yvodtxSE00p1DZgkTn0s/7znvxraYpQInQdhqp8vJ8r+3coR3YagrRdm9+LA==",
        "dependencies": {
          "@scure/base": "@scure/base@1.1.8",
          "@types/events": "@types/events@3.0.3",
          "@types/throttle-debounce": "@types/throttle-debounce@5.0.2",
          "events": "events@3.3.0",
          "throttle-debounce": "throttle-debounce@5.0.2"
        }
      },
      "@welshman/util@0.0.30": {
        "integrity": "sha512-CYLtaXfCod5Xo/OCXPUGYKwT+fRwm5DU7ASqcGwPuB/vadDodT/OJPSmrMH9Pq63VY9xK4gX/I2ma/rKRokdpg==",
        "dependencies": {
          "@welshman/lib": "@welshman/lib@0.0.17",
          "nostr-tools": "nostr-tools@2.7.2"
        }
      },
      "abort-controller@3.0.0": {
        "integrity": "sha512-h8lQ8tacZYnR3vNQTgibj+tODHI5/+l06Au2Pcriv/Gmet0eaj4TwWH41sO9wnHDiQsEj19q0drzdWdeAHtweg==",
        "dependencies": {
          "event-target-shim": "event-target-shim@5.0.1"
        }
      },
      "atomic-sleep@1.0.0": {
        "integrity": "sha512-kNOjDqAh7px0XWNI+4QbzoiR/nTkHAWNud2uvnJquD1/x5a7EQZMJT0AczqK0Qn67oY/TTQ1LbUKajZpp3I9tQ==",
        "dependencies": {}
      },
      "base64-js@1.5.1": {
        "integrity": "sha512-AKpaYlHn8t4SVbOHCy+b5+KKgvR4vrsD8vbvrbiQJps7fKDTkjkDry6ji0rUJjC0kzbNePLwzxq8iypo41qeWA==",
        "dependencies": {}
      },
      "buffer@6.0.3": {
        "integrity": "sha512-FTiCpNxtwiZZHEZbcbTIcZjERVICn9yq/pDFkTl95/AxzD1naBctN7YO68riM/gLSDY7sdrMby8hofADYuuqOA==",
        "dependencies": {
          "base64-js": "base64-js@1.5.1",
          "ieee754": "ieee754@1.2.1"
        }
      },
      "event-target-shim@5.0.1": {
        "integrity": "sha512-i/2XbnSz/uxRCU6+NdVJgKWDTM427+MqYbkQzD321DuCQJUqOuJKIA0IM2+W2xtYHdKOmZ4dR6fExsd4SXL+WQ==",
        "dependencies": {}
      },
      "events@3.3.0": {
        "integrity": "sha512-mQw+2fkQbALzQ7V0MY0IqdnXNOeTtP4r0lN9z7AAawCXgqea7bDii20AYrIBrFd/Hx0M2Ocz6S111CaFkUcb0Q==",
        "dependencies": {}
      },
      "fast-redact@3.5.0": {
        "integrity": "sha512-dwsoQlS7h9hMeYUq1W++23NDcBLV4KqONnITDV9DjfS3q1SgDGVrBdvvTLUotWtPSD7asWDV9/CmsZPy8Hf70A==",
        "dependencies": {}
      },
      "ieee754@1.2.1": {
        "integrity": "sha512-dcyqhDvX1C46lXZcVqCpK+FtMRQVdIMN6/Df5js2zouUsqG7I6sFxitIC+7KYK29KdXOLHdu9zL4sFnoVQnqaA==",
        "dependencies": {}
      },
      "lru-cache@10.4.3": {
        "integrity": "sha512-JNAzZcXrCt42VGLuYz0zfAzDfAvJWW6AfYlDBQyDV5DClI2m5sAmK+OIO7s59XfsRsWHp02jAJrRadPRGTt6SQ==",
        "dependencies": {}
      },
      "nostr-tools@2.7.2": {
        "integrity": "sha512-Bq3Ug0SZFtgtL1+0wCnAe8AJtI7yx/00/a2nUug9SkhfOwlKS92Tef12iCK9FdwXw+oFZWMtRnSwcLayQso+xA==",
        "dependencies": {
          "@noble/ciphers": "@noble/ciphers@0.5.3",
          "@noble/curves": "@noble/curves@1.2.0",
          "@noble/hashes": "@noble/hashes@1.3.1",
          "@scure/base": "@scure/base@1.1.1",
          "@scure/bip32": "@scure/bip32@1.3.1",
          "@scure/bip39": "@scure/bip39@1.2.1",
          "nostr-wasm": "nostr-wasm@0.1.0"
        }
      },
      "nostr-wasm@0.1.0": {
        "integrity": "sha512-78BTryCLcLYv96ONU8Ws3Q1JzjlAt+43pWQhIl86xZmWeegYCNLPml7yQ+gG3vR6V5h4XGj+TxO+SS5dsThQIA==",
        "dependencies": {}
      },
      "on-exit-leak-free@2.1.2": {
        "integrity": "sha512-0eJJY6hXLGf1udHwfNftBqH+g73EU4B504nZeKpz1sYRKafAghwxEJunB2O7rDZkL4PGfsMVnTXZ2EjibbqcsA==",
        "dependencies": {}
      },
      "pino-abstract-transport@1.2.0": {
        "integrity": "sha512-Guhh8EZfPCfH+PMXAb6rKOjGQEoy0xlAIn+irODG5kgfYV+BQ0rGYYWTIel3P5mmyXqkYkPmdIkywsn6QKUR1Q==",
        "dependencies": {
          "readable-stream": "readable-stream@4.5.2",
          "split2": "split2@4.2.0"
        }
      },
      "pino-std-serializers@7.0.0": {
        "integrity": "sha512-e906FRY0+tV27iq4juKzSYPbUj2do2X2JX4EzSca1631EB2QJQUqGbDuERal7LCtOpxl6x3+nvo9NPZcmjkiFA==",
        "dependencies": {}
      },
      "pino@9.4.0": {
        "integrity": "sha512-nbkQb5+9YPhQRz/BeQmrWpEknAaqjpAqRK8NwJpmrX/JHu7JuZC5G1CeAwJDJfGes4h+YihC6in3Q2nGb+Y09w==",
        "dependencies": {
          "atomic-sleep": "atomic-sleep@1.0.0",
          "fast-redact": "fast-redact@3.5.0",
          "on-exit-leak-free": "on-exit-leak-free@2.1.2",
          "pino-abstract-transport": "pino-abstract-transport@1.2.0",
          "pino-std-serializers": "pino-std-serializers@7.0.0",
          "process-warning": "process-warning@4.0.0",
          "quick-format-unescaped": "quick-format-unescaped@4.0.4",
          "real-require": "real-require@0.2.0",
          "safe-stable-stringify": "safe-stable-stringify@2.5.0",
          "sonic-boom": "sonic-boom@4.1.0",
          "thread-stream": "thread-stream@3.1.0"
        }
      },
      "process-warning@4.0.0": {
        "integrity": "sha512-/MyYDxttz7DfGMMHiysAsFE4qF+pQYAA8ziO/3NcRVrQ5fSk+Mns4QZA/oRPFzvcqNoVJXQNWNAsdwBXLUkQKw==",
        "dependencies": {}
      },
      "process@0.11.10": {
        "integrity": "sha512-cdGef/drWFoydD1JsMzuFf8100nZl+GT+yacc2bEced5f9Rjk4z+WtFUTBu9PhOi9j/jfmBPu0mMEY4wIdAF8A==",
        "dependencies": {}
      },
      "quick-format-unescaped@4.0.4": {
        "integrity": "sha512-tYC1Q1hgyRuHgloV/YXs2w15unPVh8qfu/qCTfhTYamaw7fyhumKa2yGpdSo87vY32rIclj+4fWYQXUMs9EHvg==",
        "dependencies": {}
      },
      "readable-stream@4.5.2": {
        "integrity": "sha512-yjavECdqeZ3GLXNgRXgeQEdz9fvDDkNKyHnbHRFtOr7/LcfgBcmct7t/ET+HaCTqfh06OzoAxrkN/IfjJBVe+g==",
        "dependencies": {
          "abort-controller": "abort-controller@3.0.0",
          "buffer": "buffer@6.0.3",
          "events": "events@3.3.0",
          "process": "process@0.11.10",
          "string_decoder": "string_decoder@1.3.0"
        }
      },
      "real-require@0.2.0": {
        "integrity": "sha512-57frrGM/OCTLqLOAh0mhVA9VBMHd+9U7Zb2THMGdBUoZVOtGbJzjxsYGDJ3A9AYYCP4hn6y1TVbaOfzWtm5GFg==",
        "dependencies": {}
      },
      "reflect-metadata@0.2.2": {
        "integrity": "sha512-urBwgfrvVP/eAyXx4hluJivBKzuEbSQs9rKWCrCkbSxNv8mxPcUZKeuoF3Uy4mJl3Lwprp6yy5/39VWigZ4K6Q==",
        "dependencies": {}
      },
      "safe-buffer@5.2.1": {
        "integrity": "sha512-rp3So07KcdmmKbGvgaNxQSJr7bGVSVk5S9Eq1F+ppbRo70+YeaDxkw5Dd8NPN+GD6bjnYm2VuPuCXmpuYvmCXQ==",
        "dependencies": {}
      },
      "safe-stable-stringify@2.5.0": {
        "integrity": "sha512-b3rppTKm9T+PsVCBEOUR46GWI7fdOs00VKZ1+9c1EWDaDMvjQc6tUwuFyIprgGgTcWoVHSKrU8H31ZHA2e0RHA==",
        "dependencies": {}
      },
      "sonic-boom@4.1.0": {
        "integrity": "sha512-NGipjjRicyJJ03rPiZCJYjwlsuP2d1/5QUviozRXC7S3WdVWNK5e3Ojieb9CCyfhq2UC+3+SRd9nG3I2lPRvUw==",
        "dependencies": {
          "atomic-sleep": "atomic-sleep@1.0.0"
        }
      },
      "split2@4.2.0": {
        "integrity": "sha512-UcjcJOWknrNkF6PLX83qcHM6KHgVKNkV62Y8a5uYDVv9ydGQVwAHMKqHdJje1VTWpljG0WYpCDhrCdAOYH4TWg==",
        "dependencies": {}
      },
      "string_decoder@1.3.0": {
        "integrity": "sha512-hkRX8U1WjJFd8LsDJ2yQ/wWWxaopEsABU1XfkM8A+j0+85JAGppt16cr1Whg6KIbb4okU6Mql6BOj+uup/wKeA==",
        "dependencies": {
          "safe-buffer": "safe-buffer@5.2.1"
        }
      },
      "thread-stream@3.1.0": {
        "integrity": "sha512-OqyPZ9u96VohAyMfJykzmivOrY2wfMSf3C5TtFJVgN+Hm6aj+voFhlK+kZEIv2FBh1X6Xp3DlnCOfEQ3B2J86A==",
        "dependencies": {
          "real-require": "real-require@0.2.0"
        }
      },
      "throttle-debounce@5.0.2": {
        "integrity": "sha512-B71/4oyj61iNH0KeCamLuE2rmKuTO5byTOSVwECM5FA7TiAiAW+UqTKZ9ERueC4qvgSttUhdmq1mXC3kJqGX7A==",
        "dependencies": {}
      },
      "tslib@1.14.1": {
        "integrity": "sha512-Xni35NKzjgMrwevysHTCArtLDpPvye8zV/0E4EyYn43P7/7qvQwPh9BGkHewbMulVntbigmcT7rdX3BNo9wRJg==",
        "dependencies": {}
      },
      "tsyringe@4.8.0": {
        "integrity": "sha512-YB1FG+axdxADa3ncEtRnQCFq/M0lALGLxSZeVNbTU8NqhOVc51nnv2CISTcvc1kyv6EGPtXVr0v6lWeDxiijOA==",
        "dependencies": {
          "tslib": "tslib@1.14.1"
        }
      },
      "websocket-ts@2.1.5": {
        "integrity": "sha512-rCNl9w6Hsir1azFm/pbjBEFzLD/gi7Th5ZgOxMifB6STUfTSovYAzryWw0TRvSZ1+Qu1Z5Plw4z42UfTNA9idA==",
        "dependencies": {}
      },
      "zod@3.23.8": {
        "integrity": "sha512-XBx9AXhXktjUqnepgTiE5flcKIYWi/rme0Eaj+5Y0lftuGBq+jyRu/md4WnuxqgP1ubdpNCsYEYPxrzVHD8d6g==",
        "dependencies": {}
      }
    }
  },
  "remote": {},
  "workspace": {
    "dependencies": [
      "jsr:@nostrify/nostrify@^0.30.1",
      "jsr:@std/assert@1",
      "npm:@welshman/lib@^0.0.17",
      "npm:@welshman/util@^0.0.30",
      "npm:nostr-tools@^2.7.2",
      "npm:pino@^9.4.0",
      "npm:reflect-metadata@^0.2.2",
      "npm:tsyringe@^4.8.0"
    ]
  }
}
